// !$*UTF8*$!
{
	archiveVersion = 1;
	classes = {
	};
	objectVersion = 46;
	objects = {

/* Begin PBXBuildFile section */
		DDE61BFE1CCE1BBF00B64472 /* CFNetwork.framework in Frameworks */ = {isa = PBXBuildFile; fileRef = DDE61BFD1CCE1BBF00B64472 /* CFNetwork.framework */; };
		DDE61C0B1CCE378300B64472 /* AsyncSocket.m in Sources */ = {isa = PBXBuildFile; fileRef = DDE61C081CCE378300B64472 /* AsyncSocket.m */; };
		DDE61C0C1CCE378300B64472 /* AsyncUdpSocket.m in Sources */ = {isa = PBXBuildFile; fileRef = DDE61C0A1CCE378300B64472 /* AsyncUdpSocket.m */; };
		DDE61C0F1CCE37D500B64472 /* AsyncSocketService.m in Sources */ = {isa = PBXBuildFile; fileRef = DDE61C0E1CCE37D500B64472 /* AsyncSocketService.m */; };
		DDE61C141CCF090500B64472 /* NetHelper.m in Sources */ = {isa = PBXBuildFile; fileRef = DDE61C131CCF090500B64472 /* NetHelper.m */; };
		DDE61C181CCF1B1C00B64472 /* CfnSocket.m in Sources */ = {isa = PBXBuildFile; fileRef = DDE61C171CCF1B1C00B64472 /* CfnSocket.m */; };
		DDE61C1C1CCF5B6100B64472 /* NSSocket.m in Sources */ = {isa = PBXBuildFile; fileRef = DDE61C1B1CCF5B6100B64472 /* NSSocket.m */; };
		DDEDBAD01CCB4D080055A65B /* main.m in Sources */ = {isa = PBXBuildFile; fileRef = DDEDBACF1CCB4D080055A65B /* main.m */; };
		DDEDBAD31CCB4D080055A65B /* AppDelegate.m in Sources */ = {isa = PBXBuildFile; fileRef = DDEDBAD21CCB4D080055A65B /* AppDelegate.m */; };
		DDEDBAD61CCB4D080055A65B /* ViewController.m in Sources */ = {isa = PBXBuildFile; fileRef = DDEDBAD51CCB4D080055A65B /* ViewController.m */; };
		DDEDBAD91CCB4D080055A65B /* Main.storyboard in Resources */ = {isa = PBXBuildFile; fileRef = DDEDBAD71CCB4D080055A65B /* Main.storyboard */; };
		DDEDBADB1CCB4D080055A65B /* Assets.xcassets in Resources */ = {isa = PBXBuildFile; fileRef = DDEDBADA1CCB4D080055A65B /* Assets.xcassets */; };
		DDEDBADE1CCB4D080055A65B /* LaunchScreen.storyboard in Resources */ = {isa = PBXBuildFile; fileRef = DDEDBADC1CCB4D080055A65B /* LaunchScreen.storyboard */; };
		DDEDBAE91CCB4D080055A65B /* TSSocketTests.m in Sources */ = {isa = PBXBuildFile; fileRef = DDEDBAE81CCB4D080055A65B /* TSSocketTests.m */; };
		DDEDBAF41CCB4D080055A65B /* TSSocketUITests.m in Sources */ = {isa = PBXBuildFile; fileRef = DDEDBAF31CCB4D080055A65B /* TSSocketUITests.m */; };
		DDEDBB051CCB4EB60055A65B /* BsdSocket.m in Sources */ = {isa = PBXBuildFile; fileRef = DDEDBB041CCB4EB60055A65B /* BsdSocket.m */; };
		DDEDBB0B1CCB72A90055A65B /* Connecter.m in Sources */ = {isa = PBXBuildFile; fileRef = DDEDBB0A1CCB72A90055A65B /* Connecter.m */; };
		DDEDBB0E1CCB73970055A65B /* AsyncTcpSocket.m in Sources */ = {isa = PBXBuildFile; fileRef = DDEDBB0D1CCB73970055A65B /* AsyncTcpSocket.m */; };
		DDEDBB111CCDB4EA0055A65B /* Connecter+ProtoInterface.m in Sources */ = {isa = PBXBuildFile; fileRef = DDEDBB101CCDB4EA0055A65B /* Connecter+ProtoInterface.m */; };
/* End PBXBuildFile section */

/* Begin PBXContainerItemProxy section */
		DDEDBAE51CCB4D080055A65B /* PBXContainerItemProxy */ = {
			isa = PBXContainerItemProxy;
			containerPortal = DDEDBAC31CCB4D080055A65B /* Project object */;
			proxyType = 1;
			remoteGlobalIDString = DDEDBACA1CCB4D080055A65B;
			remoteInfo = TSSocket;
		};
		DDEDBAF01CCB4D080055A65B /* PBXContainerItemProxy */ = {
			isa = PBXContainerItemProxy;
			containerPortal = DDEDBAC31CCB4D080055A65B /* Project object */;
			proxyType = 1;
			remoteGlobalIDString = DDEDBACA1CCB4D080055A65B;
			remoteInfo = TSSocket;
		};
/* End PBXContainerItemProxy section */

/* Begin PBXFileReference section */
		DDE6127B1CCDCAC300B64472 /* MacroDefined.h */ = {isa = PBXFileReference; fileEncoding = 4; lastKnownFileType = sourcecode.c.h; path = MacroDefined.h; sourceTree = "<group>"; };
		DDE6127D1CCDCB1400B64472 /* TSSocket-Prefix.pch */ = {isa = PBXFileReference; fileEncoding = 4; lastKnownFileType = sourcecode.c.h; path = "TSSocket-Prefix.pch"; sourceTree = "<group>"; };
		DDE61BFD1CCE1BBF00B64472 /* CFNetwork.framework */ = {isa = PBXFileReference; lastKnownFileType = wrapper.framework; name = CFNetwork.framework; path = System/Library/Frameworks/CFNetwork.framework; sourceTree = SDKROOT; };
		DDE61C071CCE378300B64472 /* AsyncSocket.h */ = {isa = PBXFileReference; fileEncoding = 4; lastKnownFileType = sourcecode.c.h; path = AsyncSocket.h; sourceTree = "<group>"; };
		DDE61C081CCE378300B64472 /* AsyncSocket.m */ = {isa = PBXFileReference; fileEncoding = 4; lastKnownFileType = sourcecode.c.objc; path = AsyncSocket.m; sourceTree = "<group>"; };
		DDE61C091CCE378300B64472 /* AsyncUdpSocket.h */ = {isa = PBXFileReference; fileEncoding = 4; lastKnownFileType = sourcecode.c.h; path = AsyncUdpSocket.h; sourceTree = "<group>"; };
		DDE61C0A1CCE378300B64472 /* AsyncUdpSocket.m */ = {isa = PBXFileReference; fileEncoding = 4; lastKnownFileType = sourcecode.c.objc; path = AsyncUdpSocket.m; sourceTree = "<group>"; };
		DDE61C0D1CCE37D500B64472 /* AsyncSocketService.h */ = {isa = PBXFileReference; fileEncoding = 4; lastKnownFileType = sourcecode.c.h; path = AsyncSocketService.h; sourceTree = "<group>"; };
		DDE61C0E1CCE37D500B64472 /* AsyncSocketService.m */ = {isa = PBXFileReference; fileEncoding = 4; lastKnownFileType = sourcecode.c.objc; path = AsyncSocketService.m; sourceTree = "<group>"; };
		DDE61C121CCF090500B64472 /* NetHelper.h */ = {isa = PBXFileReference; fileEncoding = 4; lastKnownFileType = sourcecode.c.h; path = NetHelper.h; sourceTree = "<group>"; };
		DDE61C131CCF090500B64472 /* NetHelper.m */ = {isa = PBXFileReference; fileEncoding = 4; lastKnownFileType = sourcecode.c.objc; path = NetHelper.m; sourceTree = "<group>"; };
		DDE61C161CCF1B1C00B64472 /* CfnSocket.h */ = {isa = PBXFileReference; fileEncoding = 4; lastKnownFileType = sourcecode.c.h; path = CfnSocket.h; sourceTree = "<group>"; };
		DDE61C171CCF1B1C00B64472 /* CfnSocket.m */ = {isa = PBXFileReference; fileEncoding = 4; lastKnownFileType = sourcecode.c.objc; path = CfnSocket.m; sourceTree = "<group>"; };
		DDE61C1A1CCF5B6100B64472 /* NSSocket.h */ = {isa = PBXFileReference; fileEncoding = 4; lastKnownFileType = sourcecode.c.h; path = NSSocket.h; sourceTree = "<group>"; };
		DDE61C1B1CCF5B6100B64472 /* NSSocket.m */ = {isa = PBXFileReference; fileEncoding = 4; lastKnownFileType = sourcecode.c.objc; path = NSSocket.m; sourceTree = "<group>"; };
		DDEDBACB1CCB4D080055A65B /* TSSocket.app */ = {isa = PBXFileReference; explicitFileType = wrapper.application; includeInIndex = 0; path = TSSocket.app; sourceTree = BUILT_PRODUCTS_DIR; };
		DDEDBACF1CCB4D080055A65B /* main.m */ = {isa = PBXFileReference; lastKnownFileType = sourcecode.c.objc; path = main.m; sourceTree = "<group>"; };
		DDEDBAD11CCB4D080055A65B /* AppDelegate.h */ = {isa = PBXFileReference; lastKnownFileType = sourcecode.c.h; path = AppDelegate.h; sourceTree = "<group>"; };
		DDEDBAD21CCB4D080055A65B /* AppDelegate.m */ = {isa = PBXFileReference; lastKnownFileType = sourcecode.c.objc; path = AppDelegate.m; sourceTree = "<group>"; };
		DDEDBAD41CCB4D080055A65B /* ViewController.h */ = {isa = PBXFileReference; lastKnownFileType = sourcecode.c.h; path = ViewController.h; sourceTree = "<group>"; };
		DDEDBAD51CCB4D080055A65B /* ViewController.m */ = {isa = PBXFileReference; lastKnownFileType = sourcecode.c.objc; path = ViewController.m; sourceTree = "<group>"; };
		DDEDBAD81CCB4D080055A65B /* Base */ = {isa = PBXFileReference; lastKnownFileType = file.storyboard; name = Base; path = Base.lproj/Main.storyboard; sourceTree = "<group>"; };
		DDEDBADA1CCB4D080055A65B /* Assets.xcassets */ = {isa = PBXFileReference; lastKnownFileType = folder.assetcatalog; path = Assets.xcassets; sourceTree = "<group>"; };
		DDEDBADD1CCB4D080055A65B /* Base */ = {isa = PBXFileReference; lastKnownFileType = file.storyboard; name = Base; path = Base.lproj/LaunchScreen.storyboard; sourceTree = "<group>"; };
		DDEDBADF1CCB4D080055A65B /* Info.plist */ = {isa = PBXFileReference; lastKnownFileType = text.plist.xml; path = Info.plist; sourceTree = "<group>"; };
		DDEDBAE41CCB4D080055A65B /* TSSocketTests.xctest */ = {isa = PBXFileReference; explicitFileType = wrapper.cfbundle; includeInIndex = 0; path = TSSocketTests.xctest; sourceTree = BUILT_PRODUCTS_DIR; };
		DDEDBAE81CCB4D080055A65B /* TSSocketTests.m */ = {isa = PBXFileReference; lastKnownFileType = sourcecode.c.objc; path = TSSocketTests.m; sourceTree = "<group>"; };
		DDEDBAEA1CCB4D080055A65B /* Info.plist */ = {isa = PBXFileReference; lastKnownFileType = text.plist.xml; path = Info.plist; sourceTree = "<group>"; };
		DDEDBAEF1CCB4D080055A65B /* TSSocketUITests.xctest */ = {isa = PBXFileReference; explicitFileType = wrapper.cfbundle; includeInIndex = 0; path = TSSocketUITests.xctest; sourceTree = BUILT_PRODUCTS_DIR; };
		DDEDBAF31CCB4D080055A65B /* TSSocketUITests.m */ = {isa = PBXFileReference; lastKnownFileType = sourcecode.c.objc; path = TSSocketUITests.m; sourceTree = "<group>"; };
		DDEDBAF51CCB4D080055A65B /* Info.plist */ = {isa = PBXFileReference; lastKnownFileType = text.plist.xml; path = Info.plist; sourceTree = "<group>"; };
		DDEDBB031CCB4EB60055A65B /* BsdSocket.h */ = {isa = PBXFileReference; fileEncoding = 4; lastKnownFileType = sourcecode.c.h; path = BsdSocket.h; sourceTree = "<group>"; };
		DDEDBB041CCB4EB60055A65B /* BsdSocket.m */ = {isa = PBXFileReference; fileEncoding = 4; lastKnownFileType = sourcecode.c.objc; path = BsdSocket.m; sourceTree = "<group>"; };
		DDEDBB091CCB72A90055A65B /* Connecter.h */ = {isa = PBXFileReference; fileEncoding = 4; lastKnownFileType = sourcecode.c.h; path = Connecter.h; sourceTree = "<group>"; };
		DDEDBB0A1CCB72A90055A65B /* Connecter.m */ = {isa = PBXFileReference; fileEncoding = 4; lastKnownFileType = sourcecode.c.objc; path = Connecter.m; sourceTree = "<group>"; };
		DDEDBB0C1CCB73970055A65B /* AsyncTcpSocket.h */ = {isa = PBXFileReference; fileEncoding = 4; lastKnownFileType = sourcecode.c.h; path = AsyncTcpSocket.h; sourceTree = "<group>"; };
		DDEDBB0D1CCB73970055A65B /* AsyncTcpSocket.m */ = {isa = PBXFileReference; fileEncoding = 4; lastKnownFileType = sourcecode.c.objc; path = AsyncTcpSocket.m; sourceTree = "<group>"; };
		DDEDBB0F1CCDB4EA0055A65B /* Connecter+ProtoInterface.h */ = {isa = PBXFileReference; fileEncoding = 4; lastKnownFileType = sourcecode.c.h; path = "Connecter+ProtoInterface.h"; sourceTree = "<group>"; };
		DDEDBB101CCDB4EA0055A65B /* Connecter+ProtoInterface.m */ = {isa = PBXFileReference; fileEncoding = 4; lastKnownFileType = sourcecode.c.objc; path = "Connecter+ProtoInterface.m"; sourceTree = "<group>"; };
/* End PBXFileReference section */

/* Begin PBXFrameworksBuildPhase section */
		DDEDBAC81CCB4D080055A65B /* Frameworks */ = {
			isa = PBXFrameworksBuildPhase;
			buildActionMask = 2147483647;
			files = (
				DDE61BFE1CCE1BBF00B64472 /* CFNetwork.framework in Frameworks */,
			);
			runOnlyForDeploymentPostprocessing = 0;
		};
		DDEDBAE11CCB4D080055A65B /* Frameworks */ = {
			isa = PBXFrameworksBuildPhase;
			buildActionMask = 2147483647;
			files = (
			);
			runOnlyForDeploymentPostprocessing = 0;
		};
		DDEDBAEC1CCB4D080055A65B /* Frameworks */ = {
			isa = PBXFrameworksBuildPhase;
			buildActionMask = 2147483647;
			files = (
			);
			runOnlyForDeploymentPostprocessing = 0;
		};
/* End PBXFrameworksBuildPhase section */

/* Begin PBXGroup section */
		DDE6127E1CCDDBDA00B64472 /* Protobuf-C++ */ = {
			isa = PBXGroup;
			children = (
			);
			path = "Protobuf-C++";
			sourceTree = "<group>";
		};
		DDE6128C1CCDEDC200B64472 /* ProtobufLibs-C++ */ = {
			isa = PBXGroup;
			children = (
			);
			path = "ProtobufLibs-C++";
			sourceTree = "<group>";
		};
		DDE61BAF1CCE122400B64472 /* ProtobufLibs-OC */ = {
			isa = PBXGroup;
			children = (
			);
			path = "ProtobufLibs-OC";
			sourceTree = "<group>";
		};
		DDE61BF61CCE1BA400B64472 /* AsyncSocket */ = {
			isa = PBXGroup;
			children = (
				DDE61C0D1CCE37D500B64472 /* AsyncSocketService.h */,
				DDE61C0E1CCE37D500B64472 /* AsyncSocketService.m */,
				DDE61C061CCE378300B64472 /* ThirdLib */,
			);
			path = AsyncSocket;
			sourceTree = "<group>";
		};
		DDE61C061CCE378300B64472 /* ThirdLib */ = {
			isa = PBXGroup;
			children = (
				DDE61C071CCE378300B64472 /* AsyncSocket.h */,
				DDE61C081CCE378300B64472 /* AsyncSocket.m */,
				DDE61C091CCE378300B64472 /* AsyncUdpSocket.h */,
				DDE61C0A1CCE378300B64472 /* AsyncUdpSocket.m */,
			);
			path = ThirdLib;
			sourceTree = "<group>";
		};
		DDE61C111CCF08A500B64472 /* Common */ = {
			isa = PBXGroup;
			children = (
				DDE61C121CCF090500B64472 /* NetHelper.h */,
				DDE61C131CCF090500B64472 /* NetHelper.m */,
			);
			path = Common;
			sourceTree = "<group>";
		};
		DDE61C151CCF1ADE00B64472 /* CFNSocket */ = {
			isa = PBXGroup;
			children = (
				DDE61C161CCF1B1C00B64472 /* CfnSocket.h */,
				DDE61C171CCF1B1C00B64472 /* CfnSocket.m */,
			);
			path = CFNSocket;
			sourceTree = "<group>";
		};
		DDE61C191CCF5AF900B64472 /* NSStreamSocket */ = {
			isa = PBXGroup;
			children = (
				DDE61C1A1CCF5B6100B64472 /* NSSocket.h */,
				DDE61C1B1CCF5B6100B64472 /* NSSocket.m */,
			);
			path = NSStreamSocket;
			sourceTree = "<group>";
		};
		DDEDBAC21CCB4D080055A65B = {
			isa = PBXGroup;
			children = (
				DDE61BFD1CCE1BBF00B64472 /* CFNetwork.framework */,
				DDEDBACD1CCB4D080055A65B /* TSSocket */,
				DDEDBAE71CCB4D080055A65B /* TSSocketTests */,
				DDEDBAF21CCB4D080055A65B /* TSSocketUITests */,
				DDEDBACC1CCB4D080055A65B /* Products */,
			);
			sourceTree = "<group>";
		};
		DDEDBACC1CCB4D080055A65B /* Products */ = {
			isa = PBXGroup;
			children = (
				DDEDBACB1CCB4D080055A65B /* TSSocket.app */,
				DDEDBAE41CCB4D080055A65B /* TSSocketTests.xctest */,
				DDEDBAEF1CCB4D080055A65B /* TSSocketUITests.xctest */,
			);
			name = Products;
			sourceTree = "<group>";
		};
		DDEDBACD1CCB4D080055A65B /* TSSocket */ = {
			isa = PBXGroup;
			children = (
				DDE61C111CCF08A500B64472 /* Common */,
				DDE61BAF1CCE122400B64472 /* ProtobufLibs-OC */,
				DDE6128C1CCDEDC200B64472 /* ProtobufLibs-C++ */,
				DDE6127E1CCDDBDA00B64472 /* Protobuf-C++ */,
				DDEDBB061CCB72890055A65B /* TSNet */,
				DDEDBB021CCB4DA30055A65B /* BSDSocket */,
				DDE61C151CCF1ADE00B64472 /* CFNSocket */,
				DDE61C191CCF5AF900B64472 /* NSStreamSocket */,
				DDE61BF61CCE1BA400B64472 /* AsyncSocket */,
				DDEDBAD11CCB4D080055A65B /* AppDelegate.h */,
				DDEDBAD21CCB4D080055A65B /* AppDelegate.m */,
				DDEDBAD41CCB4D080055A65B /* ViewController.h */,
				DDEDBAD51CCB4D080055A65B /* ViewController.m */,
				DDE6127D1CCDCB1400B64472 /* TSSocket-Prefix.pch */,
				DDE6127B1CCDCAC300B64472 /* MacroDefined.h */,
				DDEDBAD71CCB4D080055A65B /* Main.storyboard */,
				DDEDBADA1CCB4D080055A65B /* Assets.xcassets */,
				DDEDBADC1CCB4D080055A65B /* LaunchScreen.storyboard */,
				DDEDBADF1CCB4D080055A65B /* Info.plist */,
				DDEDBACE1CCB4D080055A65B /* Supporting Files */,
			);
			path = TSSocket;
			sourceTree = "<group>";
		};
		DDEDBACE1CCB4D080055A65B /* Supporting Files */ = {
			isa = PBXGroup;
			children = (
				DDEDBACF1CCB4D080055A65B /* main.m */,
			);
			name = "Supporting Files";
			sourceTree = "<group>";
		};
		DDEDBAE71CCB4D080055A65B /* TSSocketTests */ = {
			isa = PBXGroup;
			children = (
				DDEDBAE81CCB4D080055A65B /* TSSocketTests.m */,
				DDEDBAEA1CCB4D080055A65B /* Info.plist */,
			);
			path = TSSocketTests;
			sourceTree = "<group>";
		};
		DDEDBAF21CCB4D080055A65B /* TSSocketUITests */ = {
			isa = PBXGroup;
			children = (
				DDEDBAF31CCB4D080055A65B /* TSSocketUITests.m */,
				DDEDBAF51CCB4D080055A65B /* Info.plist */,
			);
			path = TSSocketUITests;
			sourceTree = "<group>";
		};
		DDEDBB021CCB4DA30055A65B /* BSDSocket */ = {
			isa = PBXGroup;
			children = (
				DDEDBB031CCB4EB60055A65B /* BsdSocket.h */,
				DDEDBB041CCB4EB60055A65B /* BsdSocket.m */,
			);
			path = BSDSocket;
			sourceTree = "<group>";
		};
		DDEDBB061CCB72890055A65B /* TSNet */ = {
			isa = PBXGroup;
			children = (
				DDEDBB071CCB72890055A65B /* Connects */,
				DDEDBB081CCB72890055A65B /* Manager */,
			);
			path = TSNet;
			sourceTree = "<group>";
		};
		DDEDBB071CCB72890055A65B /* Connects */ = {
			isa = PBXGroup;
			children = (
				DDEDBB091CCB72A90055A65B /* Connecter.h */,
				DDEDBB0A1CCB72A90055A65B /* Connecter.m */,
				DDEDBB0F1CCDB4EA0055A65B /* Connecter+ProtoInterface.h */,
				DDEDBB101CCDB4EA0055A65B /* Connecter+ProtoInterface.m */,
				DDEDBB0C1CCB73970055A65B /* AsyncTcpSocket.h */,
				DDEDBB0D1CCB73970055A65B /* AsyncTcpSocket.m */,
			);
			path = Connects;
			sourceTree = "<group>";
		};
		DDEDBB081CCB72890055A65B /* Manager */ = {
			isa = PBXGroup;
			children = (
			);
			path = Manager;
			sourceTree = "<group>";
		};
/* End PBXGroup section */

/* Begin PBXNativeTarget section */
		DDEDBACA1CCB4D080055A65B /* TSSocket */ = {
			isa = PBXNativeTarget;
			buildConfigurationList = DDEDBAF81CCB4D080055A65B /* Build configuration list for PBXNativeTarget "TSSocket" */;
			buildPhases = (
				DDEDBAC71CCB4D080055A65B /* Sources */,
				DDEDBAC81CCB4D080055A65B /* Frameworks */,
				DDEDBAC91CCB4D080055A65B /* Resources */,
			);
			buildRules = (
			);
			dependencies = (
			);
			name = TSSocket;
			productName = TSSocket;
			productReference = DDEDBACB1CCB4D080055A65B /* TSSocket.app */;
			productType = "com.apple.product-type.application";
		};
		DDEDBAE31CCB4D080055A65B /* TSSocketTests */ = {
			isa = PBXNativeTarget;
			buildConfigurationList = DDEDBAFB1CCB4D080055A65B /* Build configuration list for PBXNativeTarget "TSSocketTests" */;
			buildPhases = (
				DDEDBAE01CCB4D080055A65B /* Sources */,
				DDEDBAE11CCB4D080055A65B /* Frameworks */,
				DDEDBAE21CCB4D080055A65B /* Resources */,
			);
			buildRules = (
			);
			dependencies = (
				DDEDBAE61CCB4D080055A65B /* PBXTargetDependency */,
			);
			name = TSSocketTests;
			productName = TSSocketTests;
			productReference = DDEDBAE41CCB4D080055A65B /* TSSocketTests.xctest */;
			productType = "com.apple.product-type.bundle.unit-test";
		};
		DDEDBAEE1CCB4D080055A65B /* TSSocketUITests */ = {
			isa = PBXNativeTarget;
			buildConfigurationList = DDEDBAFE1CCB4D080055A65B /* Build configuration list for PBXNativeTarget "TSSocketUITests" */;
			buildPhases = (
				DDEDBAEB1CCB4D080055A65B /* Sources */,
				DDEDBAEC1CCB4D080055A65B /* Frameworks */,
				DDEDBAED1CCB4D080055A65B /* Resources */,
			);
			buildRules = (
			);
			dependencies = (
				DDEDBAF11CCB4D080055A65B /* PBXTargetDependency */,
			);
			name = TSSocketUITests;
			productName = TSSocketUITests;
			productReference = DDEDBAEF1CCB4D080055A65B /* TSSocketUITests.xctest */;
			productType = "com.apple.product-type.bundle.ui-testing";
		};
/* End PBXNativeTarget section */

/* Begin PBXProject section */
		DDEDBAC31CCB4D080055A65B /* Project object */ = {
			isa = PBXProject;
			attributes = {
				LastUpgradeCheck = 0710;
				ORGANIZATIONNAME = tunsuy;
				TargetAttributes = {
					DDEDBACA1CCB4D080055A65B = {
						CreatedOnToolsVersion = 7.1;
					};
					DDEDBAE31CCB4D080055A65B = {
						CreatedOnToolsVersion = 7.1;
						TestTargetID = DDEDBACA1CCB4D080055A65B;
					};
					DDEDBAEE1CCB4D080055A65B = {
						CreatedOnToolsVersion = 7.1;
						TestTargetID = DDEDBACA1CCB4D080055A65B;
					};
				};
			};
			buildConfigurationList = DDEDBAC61CCB4D080055A65B /* Build configuration list for PBXProject "TSSocket" */;
			compatibilityVersion = "Xcode 3.2";
			developmentRegion = English;
			hasScannedForEncodings = 0;
			knownRegions = (
				en,
				Base,
			);
			mainGroup = DDEDBAC21CCB4D080055A65B;
			productRefGroup = DDEDBACC1CCB4D080055A65B /* Products */;
			projectDirPath = "";
			projectRoot = "";
			targets = (
				DDEDBACA1CCB4D080055A65B /* TSSocket */,
				DDEDBAE31CCB4D080055A65B /* TSSocketTests */,
				DDEDBAEE1CCB4D080055A65B /* TSSocketUITests */,
			);
		};
/* End PBXProject section */

/* Begin PBXResourcesBuildPhase section */
		DDEDBAC91CCB4D080055A65B /* Resources */ = {
			isa = PBXResourcesBuildPhase;
			buildActionMask = 2147483647;
			files = (
				DDEDBADE1CCB4D080055A65B /* LaunchScreen.storyboard in Resources */,
				DDEDBADB1CCB4D080055A65B /* Assets.xcassets in Resources */,
				DDEDBAD91CCB4D080055A65B /* Main.storyboard in Resources */,
			);
			runOnlyForDeploymentPostprocessing = 0;
		};
		DDEDBAE21CCB4D080055A65B /* Resources */ = {
			isa = PBXResourcesBuildPhase;
			buildActionMask = 2147483647;
			files = (
			);
			runOnlyForDeploymentPostprocessing = 0;
		};
		DDEDBAED1CCB4D080055A65B /* Resources */ = {
			isa = PBXResourcesBuildPhase;
			buildActionMask = 2147483647;
			files = (
			);
			runOnlyForDeploymentPostprocessing = 0;
		};
/* End PBXResourcesBuildPhase section */

/* Begin PBXSourcesBuildPhase section */
		DDEDBAC71CCB4D080055A65B /* Sources */ = {
			isa = PBXSourcesBuildPhase;
			buildActionMask = 2147483647;
			files = (
				DDEDBB111CCDB4EA0055A65B /* Connecter+ProtoInterface.m in Sources */,
				DDEDBB051CCB4EB60055A65B /* BsdSocket.m in Sources */,
				DDE61C181CCF1B1C00B64472 /* CfnSocket.m in Sources */,
				DDE61C0B1CCE378300B64472 /* AsyncSocket.m in Sources */,
				DDE61C0F1CCE37D500B64472 /* AsyncSocketService.m in Sources */,
				DDEDBB0E1CCB73970055A65B /* AsyncTcpSocket.m in Sources */,
				DDEDBB0B1CCB72A90055A65B /* Connecter.m in Sources */,
				DDEDBAD61CCB4D080055A65B /* ViewController.m in Sources */,
				DDE61C0C1CCE378300B64472 /* AsyncUdpSocket.m in Sources */,
				DDE61C141CCF090500B64472 /* NetHelper.m in Sources */,
				DDEDBAD31CCB4D080055A65B /* AppDelegate.m in Sources */,
				DDE61C1C1CCF5B6100B64472 /* NSSocket.m in Sources */,
				DDEDBAD01CCB4D080055A65B /* main.m in Sources */,
			);
			runOnlyForDeploymentPostprocessing = 0;
		};
		DDEDBAE01CCB4D080055A65B /* Sources */ = {
			isa = PBXSourcesBuildPhase;
			buildActionMask = 2147483647;
			files = (
				DDEDBAE91CCB4D080055A65B /* TSSocketTests.m in Sources */,
			);
			runOnlyForDeploymentPostprocessing = 0;
		};
		DDEDBAEB1CCB4D080055A65B /* Sources */ = {
			isa = PBXSourcesBuildPhase;
			buildActionMask = 2147483647;
			files = (
				DDEDBAF41CCB4D080055A65B /* TSSocketUITests.m in Sources */,
			);
			runOnlyForDeploymentPostprocessing = 0;
		};
/* End PBXSourcesBuildPhase section */

/* Begin PBXTargetDependency section */
		DDEDBAE61CCB4D080055A65B /* PBXTargetDependency */ = {
			isa = PBXTargetDependency;
			target = DDEDBACA1CCB4D080055A65B /* TSSocket */;
			targetProxy = DDEDBAE51CCB4D080055A65B /* PBXContainerItemProxy */;
		};
		DDEDBAF11CCB4D080055A65B /* PBXTargetDependency */ = {
			isa = PBXTargetDependency;
			target = DDEDBACA1CCB4D080055A65B /* TSSocket */;
			targetProxy = DDEDBAF01CCB4D080055A65B /* PBXContainerItemProxy */;
		};
/* End PBXTargetDependency section */

/* Begin PBXVariantGroup section */
		DDEDBAD71CCB4D080055A65B /* Main.storyboard */ = {
			isa = PBXVariantGroup;
			children = (
				DDEDBAD81CCB4D080055A65B /* Base */,
			);
			name = Main.storyboard;
			sourceTree = "<group>";
		};
		DDEDBADC1CCB4D080055A65B /* LaunchScreen.storyboard */ = {
			isa = PBXVariantGroup;
			children = (
				DDEDBADD1CCB4D080055A65B /* Base */,
			);
			name = LaunchScreen.storyboard;
			sourceTree = "<group>";
		};
/* End PBXVariantGroup section */

/* Begin XCBuildConfiguration section */
		DDEDBAF61CCB4D080055A65B /* Debug */ = {
			isa = XCBuildConfiguration;
			buildSettings = {
				ALWAYS_SEARCH_USER_PATHS = NO;
				CLANG_CXX_LANGUAGE_STANDARD = "gnu++0x";
				CLANG_CXX_LIBRARY = "libc++";
				CLANG_ENABLE_MODULES = YES;
				CLANG_ENABLE_OBJC_ARC = YES;
				CLANG_WARN_BOOL_CONVERSION = YES;
				CLANG_WARN_CONSTANT_CONVERSION = YES;
				CLANG_WARN_DIRECT_OBJC_ISA_USAGE = YES_ERROR;
				CLANG_WARN_EMPTY_BODY = YES;
				CLANG_WARN_ENUM_CONVERSION = YES;
				CLANG_WARN_INT_CONVERSION = YES;
				CLANG_WARN_OBJC_ROOT_CLASS = YES_ERROR;
				CLANG_WARN_UNREACHABLE_CODE = YES;
				CLANG_WARN__DUPLICATE_METHOD_MATCH = YES;
				"CODE_SIGN_IDENTITY[sdk=iphoneos*]" = "iPhone Developer";
				COPY_PHASE_STRIP = NO;
				DEBUG_INFORMATION_FORMAT = dwarf;
				ENABLE_STRICT_OBJC_MSGSEND = YES;
				ENABLE_TESTABILITY = YES;
				GCC_C_LANGUAGE_STANDARD = gnu99;
				GCC_DYNAMIC_NO_PIC = NO;
				GCC_NO_COMMON_BLOCKS = YES;
				GCC_OPTIMIZATION_LEVEL = 0;
				GCC_PREPROCESSOR_DEFINITIONS = (
					"DEBUG=1",
					"$(inherited)",
				);
				GCC_WARN_64_TO_32_BIT_CONVERSION = YES;
				GCC_WARN_ABOUT_RETURN_TYPE = YES_ERROR;
				GCC_WARN_UNDECLARED_SELECTOR = YES;
				GCC_WARN_UNINITIALIZED_AUTOS = YES_AGGRESSIVE;
				GCC_WARN_UNUSED_FUNCTION = YES;
				GCC_WARN_UNUSED_VARIABLE = YES;
				IPHONEOS_DEPLOYMENT_TARGET = 9.1;
				MTL_ENABLE_DEBUG_INFO = YES;
				ONLY_ACTIVE_ARCH = YES;
				SDKROOT = iphoneos;
			};
			name = Debug;
		};
		DDEDBAF71CCB4D080055A65B /* Release */ = {
			isa = XCBuildConfiguration;
			buildSettings = {
				ALWAYS_SEARCH_USER_PATHS = NO;
				CLANG_CXX_LANGUAGE_STANDARD = "gnu++0x";
				CLANG_CXX_LIBRARY = "libc++";
				CLANG_ENABLE_MODULES = YES;
				CLANG_ENABLE_OBJC_ARC = YES;
				CLANG_WARN_BOOL_CONVERSION = YES;
				CLANG_WARN_CONSTANT_CONVERSION = YES;
				CLANG_WARN_DIRECT_OBJC_ISA_USAGE = YES_ERROR;
				CLANG_WARN_EMPTY_BODY = YES;
				CLANG_WARN_ENUM_CONVERSION = YES;
				CLANG_WARN_INT_CONVERSION = YES;
				CLANG_WARN_OBJC_ROOT_CLASS = YES_ERROR;
				CLANG_WARN_UNREACHABLE_CODE = YES;
				CLANG_WARN__DUPLICATE_METHOD_MATCH = YES;
				"CODE_SIGN_IDENTITY[sdk=iphoneos*]" = "iPhone Developer";
				COPY_PHASE_STRIP = NO;
				DEBUG_INFORMATION_FORMAT = "dwarf-with-dsym";
				ENABLE_NS_ASSERTIONS = NO;
				ENABLE_STRICT_OBJC_MSGSEND = YES;
				GCC_C_LANGUAGE_STANDARD = gnu99;
				GCC_NO_COMMON_BLOCKS = YES;
				GCC_WARN_64_TO_32_BIT_CONVERSION = YES;
				GCC_WARN_ABOUT_RETURN_TYPE = YES_ERROR;
				GCC_WARN_UNDECLARED_SELECTOR = YES;
				GCC_WARN_UNINITIALIZED_AUTOS = YES_AGGRESSIVE;
				GCC_WARN_UNUSED_FUNCTION = YES;
				GCC_WARN_UNUSED_VARIABLE = YES;
				IPHONEOS_DEPLOYMENT_TARGET = 9.1;
				MTL_ENABLE_DEBUG_INFO = NO;
				SDKROOT = iphoneos;
				VALIDATE_PRODUCT = YES;
			};
			name = Release;
		};
		DDEDBAF91CCB4D080055A65B /* Debug */ = {
			isa = XCBuildConfiguration;
			buildSettings = {
				ASSETCATALOG_COMPILER_APPICON_NAME = AppIcon;
				FRAMEWORK_SEARCH_PATHS = "";
				GCC_PRECOMPILE_PREFIX_HEADER = YES;
				GCC_PREFIX_HEADER = "$(PROJECT_DIR)/TSSocket/TSSocket-Prefix.pch";
				HEADER_SEARCH_PATHS = "$(PROJECT_DIR)/TSSocket/ProtobufLibs-C++";
				INFOPLIST_FILE = TSSocket/Info.plist;
				IPHONEOS_DEPLOYMENT_TARGET = 7.0;
				LD_RUNPATH_SEARCH_PATHS = "$(inherited) @executable_path/Frameworks";
				LIBRARY_SEARCH_PATHS = (
					"$(inherited)",
					"$(PROJECT_DIR)/TSSocket",
					"$(PROJECT_DIR)/TSSocket/ProtobufLibs-C++/protobuf-2.5.0/ios-build",
					"$(PROJECT_DIR)/TSSocket/ProtobufLibs-C++/protobuf-2.5.0",
					"$(PROJECT_DIR)/TSSocket/ProtobufLibs-C++",
				);
				PRODUCT_BUNDLE_IDENTIFIER = com.sangfor.pocket;
				PRODUCT_NAME = "$(TARGET_NAME)";
			};
			name = Debug;
		};
		DDEDBAFA1CCB4D080055A65B /* Release */ = {
			isa = XCBuildConfiguration;
			buildSettings = {
				ASSETCATALOG_COMPILER_APPICON_NAME = AppIcon;
				FRAMEWORK_SEARCH_PATHS = "";
				GCC_PRECOMPILE_PREFIX_HEADER = YES;
				GCC_PREFIX_HEADER = "$(PROJECT_DIR)/TSSocket/TSSocket-Prefix.pch";
				HEADER_SEARCH_PATHS = "$(PROJECT_DIR)/TSSocket/ProtobufLibs-C++";
				INFOPLIST_FILE = TSSocket/Info.plist;
				IPHONEOS_DEPLOYMENT_TARGET = 7.0;
				LD_RUNPATH_SEARCH_PATHS = "$(inherited) @executable_path/Frameworks";
				LIBRARY_SEARCH_PATHS = (
					"$(inherited)",
					"$(PROJECT_DIR)/TSSocket",
					"$(PROJECT_DIR)/TSSocket/ProtobufLibs-C++/protobuf-2.5.0/ios-build",
					"$(PROJECT_DIR)/TSSocket/ProtobufLibs-C++/protobuf-2.5.0",
					"$(PROJECT_DIR)/TSSocket/ProtobufLibs-C++",
				);
				PRODUCT_BUNDLE_IDENTIFIER = com.sangfor.pocket;
				PRODUCT_NAME = "$(TARGET_NAME)";
			};
			name = Release;
		};
		DDEDBAFC1CCB4D080055A65B /* Debug */ = {
			isa = XCBuildConfiguration;
			buildSettings = {
				BUNDLE_LOADER = "$(TEST_HOST)";
				INFOPLIST_FILE = TSSocketTests/Info.plist;
				LD_RUNPATH_SEARCH_PATHS = "$(inherited) @executable_path/Frameworks @loader_path/Frameworks";
				PRODUCT_BUNDLE_IDENTIFIER = com.sangfor.TSSocketTests;
				PRODUCT_NAME = "$(TARGET_NAME)";
				TEST_HOST = "$(BUILT_PRODUCTS_DIR)/TSSocket.app/TSSocket";
			};
			name = Debug;
		};
		DDEDBAFD1CCB4D080055A65B /* Release */ = {
			isa = XCBuildConfiguration;
			buildSettings = {
				BUNDLE_LOADER = "$(TEST_HOST)";
				INFOPLIST_FILE = TSSocketTests/Info.plist;
				LD_RUNPATH_SEARCH_PATHS = "$(inherited) @executable_path/Frameworks @loader_path/Frameworks";
				PRODUCT_BUNDLE_IDENTIFIER = com.sangfor.TSSocketTests;
				PRODUCT_NAME = "$(TARGET_NAME)";
				TEST_HOST = "$(BUILT_PRODUCTS_DIR)/TSSocket.app/TSSocket";
			};
			name = Release;
		};
		DDEDBAFF1CCB4D080055A65B /* Debug */ = {
			isa = XCBuildConfiguration;
			buildSettings = {
				INFOPLIST_FILE = TSSocketUITests/Info.plist;
				LD_RUNPATH_SEARCH_PATHS = "$(inherited) @executable_path/Frameworks @loader_path/Frameworks";
				PRODUCT_BUNDLE_IDENTIFIER = com.sangfor.TSSocketUITests;
				PRODUCT_NAME = "$(TARGET_NAME)";
				TEST_TARGET_NAME = TSSocket;
				USES_XCTRUNNER = YES;
			};
			name = Debug;
		};
		DDEDBB001CCB4D080055A65B /* Release */ = {
			isa = XCBuildConfiguration;
			buildSettings = {
				INFOPLIST_FILE = TSSocketUITests/Info.plist;
				LD_RUNPATH_SEARCH_PATHS = "$(inherited) @executable_path/Frameworks @loader_path/Frameworks";
				PRODUCT_BUNDLE_IDENTIFIER = com.sangfor.TSSocketUITests;
				PRODUCT_NAME = "$(TARGET_NAME)";
				TEST_TARGET_NAME = TSSocket;
				USES_XCTRUNNER = YES;
			};
			name = Release;
		};
/* End XCBuildConfiguration section */

/* Begin XCConfigurationList section */
		DDEDBAC61CCB4D080055A65B /* Build configuration list for PBXProject "TSSocket" */ = {
			isa = XCConfigurationList;
			buildConfigurations = (
				DDEDBAF61CCB4D080055A65B /* Debug */,
				DDEDBAF71CCB4D080055A65B /* Release */,
			);
			defaultConfigurationIsVisible = 0;
			defaultConfigurationName = Release;
		};
		DDEDBAF81CCB4D080055A65B /* Build configuration list for PBXNativeTarget "TSSocket" */ = {
			isa = XCConfigurationList;
			buildConfigurations = (
				DDEDBAF91CCB4D080055A65B /* Debug */,
				DDEDBAFA1CCB4D080055A65B /* Release */,
			);
			defaultConfigurationIsVisible = 0;
			defaultConfigurationName = Release;
		};
		DDEDBAFB1CCB4D080055A65B /* Build configuration list for PBXNativeTarget "TSSocketTests" */ = {
			isa = XCConfigurationList;
			buildConfigurations = (
				DDEDBAFC1CCB4D080055A65B /* Debug */,
				DDEDBAFD1CCB4D080055A65B /* Release */,
			);
			defaultConfigurationIsVisible = 0;
			defaultConfigurationName = Release;
		};
		DDEDBAFE1CCB4D080055A65B /* Build configuration list for PBXNativeTarget "TSSocketUITests" */ = {
			isa = XCConfigurationList;
			buildConfigurations = (
				DDEDBAFF1CCB4D080055A65B /* Debug */,
				DDEDBB001CCB4D080055A65B /* Release */,
			);
			defaultConfigurationIsVisible = 0;
			defaultConfigurationName = Release;
		};
/* End XCConfigurationList section */
	};
	rootObject = DDEDBAC31CCB4D080055A65B /* Project object */;
}
